// !$*UTF8*$!
{
	archiveVersion = 1;
	classes = {
	};
	objectVersion = 51;
	objects = {

/* Begin PBXBuildFile section */
		5B09CB00243E2C590057FCF9 /* SplashViewModel.swift in Sources */ = {isa = PBXBuildFile; fileRef = 5B09CAFF243E2C590057FCF9 /* SplashViewModel.swift */; };
		5B09CB03243E2CE10057FCF9 /* AlertControllerService.swift in Sources */ = {isa = PBXBuildFile; fileRef = 5B09CB02243E2CE10057FCF9 /* AlertControllerService.swift */; };
		5B09CB05243E455C0057FCF9 /* LoginViewController.swift in Sources */ = {isa = PBXBuildFile; fileRef = 5B09CB04243E455C0057FCF9 /* LoginViewController.swift */; };
		5B1278192451928900A05643 /* ChatModel.swift in Sources */ = {isa = PBXBuildFile; fileRef = 5B1278182451928900A05643 /* ChatModel.swift */; };
		5B1B101D244F0C5A00402AFB /* ChatViewController.swift in Sources */ = {isa = PBXBuildFile; fileRef = 5B1B101C244F0C5A00402AFB /* ChatViewController.swift */; };
		5B1DECF1243C98DD0003C276 /* GoogleService-Info.plist in Resources */ = {isa = PBXBuildFile; fileRef = 5B1DECF0243C98DD0003C276 /* GoogleService-Info.plist */; };
		5B244F3B243F41A80048833A /* LoginViewModel.swift in Sources */ = {isa = PBXBuildFile; fileRef = 5B244F3A243F41A80048833A /* LoginViewModel.swift */; };
		5B244F3F243F98CE0048833A /* RemoteConfigDefaults.plist in Resources */ = {isa = PBXBuildFile; fileRef = 5B244F3E243F98CE0048833A /* RemoteConfigDefaults.plist */; };
		5B2DCD17244C95DC00600416 /* LoginModel.swift in Sources */ = {isa = PBXBuildFile; fileRef = 5B2DCD16244C95DC00600416 /* LoginModel.swift */; };
		5B2DCD1C244CB5F900600416 /* MyFriendModel.swift in Sources */ = {isa = PBXBuildFile; fileRef = 5B2DCD1B244CB5F900600416 /* MyFriendModel.swift */; };
		5B308711244D9EC7006CC5BF /* MyTalkUITests.swift in Sources */ = {isa = PBXBuildFile; fileRef = 5B308710244D9EC7006CC5BF /* MyTalkUITests.swift */; };
		5B30871A244DE9BA006CC5BF /* MyFriendTableViewCell.swift in Sources */ = {isa = PBXBuildFile; fileRef = 5B308719244DE9BA006CC5BF /* MyFriendTableViewCell.swift */; };
		5B42CB5D2461E4CA004B0600 /* MyMessageCell.swift in Sources */ = {isa = PBXBuildFile; fileRef = 5B42CB5C2461E4CA004B0600 /* MyMessageCell.swift */; };
		5B42CB5F2461E4EB004B0600 /* FriendMessageCell.swift in Sources */ = {isa = PBXBuildFile; fileRef = 5B42CB5E2461E4EB004B0600 /* FriendMessageCell.swift */; };
		5B4BE21D24398FEB00A43683 /* AppDelegate.swift in Sources */ = {isa = PBXBuildFile; fileRef = 5B4BE21C24398FEB00A43683 /* AppDelegate.swift */; };
		5B4BE21F24398FEB00A43683 /* SceneDelegate.swift in Sources */ = {isa = PBXBuildFile; fileRef = 5B4BE21E24398FEB00A43683 /* SceneDelegate.swift */; };
		5B4BE22124398FEB00A43683 /* SplashViewController.swift in Sources */ = {isa = PBXBuildFile; fileRef = 5B4BE22024398FEB00A43683 /* SplashViewController.swift */; };
		5B4BE22424398FEB00A43683 /* Main.storyboard in Resources */ = {isa = PBXBuildFile; fileRef = 5B4BE22224398FEB00A43683 /* Main.storyboard */; };
		5B4BE22624398FEC00A43683 /* Assets.xcassets in Resources */ = {isa = PBXBuildFile; fileRef = 5B4BE22524398FEC00A43683 /* Assets.xcassets */; };
		5B4BE22924398FEC00A43683 /* LaunchScreen.storyboard in Resources */ = {isa = PBXBuildFile; fileRef = 5B4BE22724398FEC00A43683 /* LaunchScreen.storyboard */; };
		5BAC90F42445F749002092C3 /* SignUpViewController.swift in Sources */ = {isa = PBXBuildFile; fileRef = 5BAC90F32445F749002092C3 /* SignUpViewController.swift */; };
		5BAC90F924461C11002092C3 /* SignUpViewModel.swift in Sources */ = {isa = PBXBuildFile; fileRef = 5BAC90F824461C11002092C3 /* SignUpViewModel.swift */; };
		5BAC90FC24462A7C002092C3 /* MyFriendViewController.swift in Sources */ = {isa = PBXBuildFile; fileRef = 5BAC90FB24462A7C002092C3 /* MyFriendViewController.swift */; };
		5BCE71DD244CD5C300DDC579 /* MyFriendViewModel.swift in Sources */ = {isa = PBXBuildFile; fileRef = 5BCE71DC244CD5C300DDC579 /* MyFriendViewModel.swift */; };
		5BCF30DF244AE103004ECCB7 /* BindingTextField.swift in Sources */ = {isa = PBXBuildFile; fileRef = 5BCF30DE244AE103004ECCB7 /* BindingTextField.swift */; };
		5BCF30E4244AF483004ECCB7 /* Dynamic.swift in Sources */ = {isa = PBXBuildFile; fileRef = 5BCF30E3244AF483004ECCB7 /* Dynamic.swift */; };
		5BCF30E7244B0053004ECCB7 /* SignUpModel.swift in Sources */ = {isa = PBXBuildFile; fileRef = 5BCF30E6244B0053004ECCB7 /* SignUpModel.swift */; };
		5BD7C065245DDA0A000943DC /* ChatViewModel.swift in Sources */ = {isa = PBXBuildFile; fileRef = 5BD7C064245DDA0A000943DC /* ChatViewModel.swift */; };
		5BF26D6F24712BBC00FE8F29 /* ChatDayStampTableViewCell.swift in Sources */ = {isa = PBXBuildFile; fileRef = 5BF26D6E24712BBC00FE8F29 /* ChatDayStampTableViewCell.swift */; };
		5BFF3FFB24745E6300527A81 /* ContinuousFriendMessageCell.swift in Sources */ = {isa = PBXBuildFile; fileRef = 5BFF3FFA24745E6300527A81 /* ContinuousFriendMessageCell.swift */; };
		BC33912B2056796547275FB2 /* Pods_MyTalk.framework in Frameworks */ = {isa = PBXBuildFile; fileRef = AB3E95D196398782585CBF82 /* Pods_MyTalk.framework */; };
/* End PBXBuildFile section */

/* Begin PBXContainerItemProxy section */
		5B308713244D9EC7006CC5BF /* PBXContainerItemProxy */ = {
			isa = PBXContainerItemProxy;
			containerPortal = 5B4BE21124398FEB00A43683 /* Project object */;
			proxyType = 1;
			remoteGlobalIDString = 5B4BE21824398FEB00A43683;
			remoteInfo = MyTalk;
		};
/* End PBXContainerItemProxy section */

/* Begin PBXFileReference section */
		26C2611824B0147317B4B162 /* Pods-MyTalk.release.xcconfig */ = {isa = PBXFileReference; includeInIndex = 1; lastKnownFileType = text.xcconfig; name = "Pods-MyTalk.release.xcconfig"; path = "Target Support Files/Pods-MyTalk/Pods-MyTalk.release.xcconfig"; sourceTree = "<group>"; };
		5B09CAFF243E2C590057FCF9 /* SplashViewModel.swift */ = {isa = PBXFileReference; lastKnownFileType = sourcecode.swift; path = SplashViewModel.swift; sourceTree = "<group>"; };
		5B09CB02243E2CE10057FCF9 /* AlertControllerService.swift */ = {isa = PBXFileReference; lastKnownFileType = sourcecode.swift; path = AlertControllerService.swift; sourceTree = "<group>"; };
		5B09CB04243E455C0057FCF9 /* LoginViewController.swift */ = {isa = PBXFileReference; lastKnownFileType = sourcecode.swift; path = LoginViewController.swift; sourceTree = "<group>"; };
		5B1278182451928900A05643 /* ChatModel.swift */ = {isa = PBXFileReference; lastKnownFileType = sourcecode.swift; path = ChatModel.swift; sourceTree = "<group>"; };
		5B1B101C244F0C5A00402AFB /* ChatViewController.swift */ = {isa = PBXFileReference; lastKnownFileType = sourcecode.swift; path = ChatViewController.swift; sourceTree = "<group>"; };
		5B1DECF0243C98DD0003C276 /* GoogleService-Info.plist */ = {isa = PBXFileReference; fileEncoding = 4; lastKnownFileType = text.plist.xml; path = "GoogleService-Info.plist"; sourceTree = "<group>"; };
		5B244F3A243F41A80048833A /* LoginViewModel.swift */ = {isa = PBXFileReference; lastKnownFileType = sourcecode.swift; path = LoginViewModel.swift; sourceTree = "<group>"; };
		5B244F3E243F98CE0048833A /* RemoteConfigDefaults.plist */ = {isa = PBXFileReference; lastKnownFileType = text.plist.xml; path = RemoteConfigDefaults.plist; sourceTree = "<group>"; };
		5B2DCD16244C95DC00600416 /* LoginModel.swift */ = {isa = PBXFileReference; lastKnownFileType = sourcecode.swift; path = LoginModel.swift; sourceTree = "<group>"; };
		5B2DCD1B244CB5F900600416 /* MyFriendModel.swift */ = {isa = PBXFileReference; lastKnownFileType = sourcecode.swift; path = MyFriendModel.swift; sourceTree = "<group>"; };
		5B30870E244D9EC7006CC5BF /* MyTalkUITests.xctest */ = {isa = PBXFileReference; explicitFileType = wrapper.cfbundle; includeInIndex = 0; path = MyTalkUITests.xctest; sourceTree = BUILT_PRODUCTS_DIR; };
		5B308710244D9EC7006CC5BF /* MyTalkUITests.swift */ = {isa = PBXFileReference; lastKnownFileType = sourcecode.swift; path = MyTalkUITests.swift; sourceTree = "<group>"; };
		5B308712244D9EC7006CC5BF /* Info.plist */ = {isa = PBXFileReference; lastKnownFileType = text.plist.xml; path = Info.plist; sourceTree = "<group>"; };
		5B308719244DE9BA006CC5BF /* MyFriendTableViewCell.swift */ = {isa = PBXFileReference; lastKnownFileType = sourcecode.swift; path = MyFriendTableViewCell.swift; sourceTree = "<group>"; };
		5B42CB5C2461E4CA004B0600 /* MyMessageCell.swift */ = {isa = PBXFileReference; lastKnownFileType = sourcecode.swift; path = MyMessageCell.swift; sourceTree = "<group>"; };
		5B42CB5E2461E4EB004B0600 /* FriendMessageCell.swift */ = {isa = PBXFileReference; lastKnownFileType = sourcecode.swift; path = FriendMessageCell.swift; sourceTree = "<group>"; };
		5B4BE21924398FEB00A43683 /* MyTalk.app */ = {isa = PBXFileReference; explicitFileType = wrapper.application; includeInIndex = 0; path = MyTalk.app; sourceTree = BUILT_PRODUCTS_DIR; };
		5B4BE21C24398FEB00A43683 /* AppDelegate.swift */ = {isa = PBXFileReference; lastKnownFileType = sourcecode.swift; path = AppDelegate.swift; sourceTree = "<group>"; };
		5B4BE21E24398FEB00A43683 /* SceneDelegate.swift */ = {isa = PBXFileReference; lastKnownFileType = sourcecode.swift; path = SceneDelegate.swift; sourceTree = "<group>"; };
		5B4BE22024398FEB00A43683 /* SplashViewController.swift */ = {isa = PBXFileReference; lastKnownFileType = sourcecode.swift; path = SplashViewController.swift; sourceTree = "<group>"; };
		5B4BE22324398FEB00A43683 /* Base */ = {isa = PBXFileReference; lastKnownFileType = file.storyboard; name = Base; path = Base.lproj/Main.storyboard; sourceTree = "<group>"; };
		5B4BE22524398FEC00A43683 /* Assets.xcassets */ = {isa = PBXFileReference; lastKnownFileType = folder.assetcatalog; path = Assets.xcassets; sourceTree = "<group>"; };
		5B4BE22824398FEC00A43683 /* Base */ = {isa = PBXFileReference; lastKnownFileType = file.storyboard; name = Base; path = Base.lproj/LaunchScreen.storyboard; sourceTree = "<group>"; };
		5B4BE22A24398FEC00A43683 /* Info.plist */ = {isa = PBXFileReference; lastKnownFileType = text.plist.xml; path = Info.plist; sourceTree = "<group>"; };
		5BAC90F32445F749002092C3 /* SignUpViewController.swift */ = {isa = PBXFileReference; lastKnownFileType = sourcecode.swift; path = SignUpViewController.swift; sourceTree = "<group>"; };
		5BAC90F824461C11002092C3 /* SignUpViewModel.swift */ = {isa = PBXFileReference; lastKnownFileType = sourcecode.swift; path = SignUpViewModel.swift; sourceTree = "<group>"; };
		5BAC90FB24462A7C002092C3 /* MyFriendViewController.swift */ = {isa = PBXFileReference; lastKnownFileType = sourcecode.swift; path = MyFriendViewController.swift; sourceTree = "<group>"; };
		5BCE71DC244CD5C300DDC579 /* MyFriendViewModel.swift */ = {isa = PBXFileReference; lastKnownFileType = sourcecode.swift; path = MyFriendViewModel.swift; sourceTree = "<group>"; };
		5BCF30DE244AE103004ECCB7 /* BindingTextField.swift */ = {isa = PBXFileReference; lastKnownFileType = sourcecode.swift; path = BindingTextField.swift; sourceTree = "<group>"; };
		5BCF30E3244AF483004ECCB7 /* Dynamic.swift */ = {isa = PBXFileReference; lastKnownFileType = sourcecode.swift; path = Dynamic.swift; sourceTree = "<group>"; };
		5BCF30E6244B0053004ECCB7 /* SignUpModel.swift */ = {isa = PBXFileReference; lastKnownFileType = sourcecode.swift; path = SignUpModel.swift; sourceTree = "<group>"; };
		5BD7C064245DDA0A000943DC /* ChatViewModel.swift */ = {isa = PBXFileReference; lastKnownFileType = sourcecode.swift; path = ChatViewModel.swift; sourceTree = "<group>"; };
		5BF26D6E24712BBC00FE8F29 /* ChatDayStampTableViewCell.swift */ = {isa = PBXFileReference; lastKnownFileType = sourcecode.swift; path = ChatDayStampTableViewCell.swift; sourceTree = "<group>"; };
		5BFF3FFA24745E6300527A81 /* ContinuousFriendMessageCell.swift */ = {isa = PBXFileReference; lastKnownFileType = sourcecode.swift; path = ContinuousFriendMessageCell.swift; sourceTree = "<group>"; };
		AB3E95D196398782585CBF82 /* Pods_MyTalk.framework */ = {isa = PBXFileReference; explicitFileType = wrapper.framework; includeInIndex = 0; path = Pods_MyTalk.framework; sourceTree = BUILT_PRODUCTS_DIR; };
		E31CD358C70D1B654C6A5410 /* Pods-MyTalk.debug.xcconfig */ = {isa = PBXFileReference; includeInIndex = 1; lastKnownFileType = text.xcconfig; name = "Pods-MyTalk.debug.xcconfig"; path = "Target Support Files/Pods-MyTalk/Pods-MyTalk.debug.xcconfig"; sourceTree = "<group>"; };
/* End PBXFileReference section */

/* Begin PBXFrameworksBuildPhase section */
		5B30870B244D9EC7006CC5BF /* Frameworks */ = {
			isa = PBXFrameworksBuildPhase;
			buildActionMask = 2147483647;
			files = (
			);
			runOnlyForDeploymentPostprocessing = 0;
		};
		5B4BE21624398FEB00A43683 /* Frameworks */ = {
			isa = PBXFrameworksBuildPhase;
			buildActionMask = 2147483647;
			files = (
				BC33912B2056796547275FB2 /* Pods_MyTalk.framework in Frameworks */,
			);
			runOnlyForDeploymentPostprocessing = 0;
		};
/* End PBXFrameworksBuildPhase section */

/* Begin PBXGroup section */
		07742234BFFD02C83CD91C3C /* Frameworks */ = {
			isa = PBXGroup;
			children = (
				AB3E95D196398782585CBF82 /* Pods_MyTalk.framework */,
			);
			name = Frameworks;
			sourceTree = "<group>";
		};
		5B09CAFD243DE0A70057FCF9 /* View */ = {
			isa = PBXGroup;
			children = (
				5B308718244DE9A5006CC5BF /* Cell */,
				5BAC90FA24462225002092C3 /* ViewController */,
				5B4BE22224398FEB00A43683 /* Main.storyboard */,
			);
			path = View;
			sourceTree = "<group>";
		};
		5B09CAFE243E2C2E0057FCF9 /* View Model */ = {
			isa = PBXGroup;
			children = (
				5B09CAFF243E2C590057FCF9 /* SplashViewModel.swift */,
				5B244F3A243F41A80048833A /* LoginViewModel.swift */,
				5BAC90F824461C11002092C3 /* SignUpViewModel.swift */,
				5BCE71DC244CD5C300DDC579 /* MyFriendViewModel.swift */,
				5BD7C064245DDA0A000943DC /* ChatViewModel.swift */,
			);
			path = "View Model";
			sourceTree = "<group>";
		};
		5B09CB01243E2CA90057FCF9 /* Service */ = {
			isa = PBXGroup;
			children = (
				5B09CB02243E2CE10057FCF9 /* AlertControllerService.swift */,
			);
			path = Service;
			sourceTree = "<group>";
		};
		5B30870F244D9EC7006CC5BF /* MyTalkUITests */ = {
			isa = PBXGroup;
			children = (
				5B308710244D9EC7006CC5BF /* MyTalkUITests.swift */,
				5B308712244D9EC7006CC5BF /* Info.plist */,
			);
			path = MyTalkUITests;
			sourceTree = "<group>";
		};
		5B308718244DE9A5006CC5BF /* Cell */ = {
			isa = PBXGroup;
			children = (
				5BF26D6D247128C800FE8F29 /* for Chatting */,
				5B308719244DE9BA006CC5BF /* MyFriendTableViewCell.swift */,
			);
			path = Cell;
			sourceTree = "<group>";
		};
		5B4BE21024398FEB00A43683 = {
			isa = PBXGroup;
			children = (
				5B4BE21B24398FEB00A43683 /* MyTalk */,
				5B30870F244D9EC7006CC5BF /* MyTalkUITests */,
				5B4BE21A24398FEB00A43683 /* Products */,
				FDB34ACBF436CCC96B80D0AA /* Pods */,
				07742234BFFD02C83CD91C3C /* Frameworks */,
			);
			sourceTree = "<group>";
		};
		5B4BE21A24398FEB00A43683 /* Products */ = {
			isa = PBXGroup;
			children = (
				5B4BE21924398FEB00A43683 /* MyTalk.app */,
				5B30870E244D9EC7006CC5BF /* MyTalkUITests.xctest */,
			);
			name = Products;
			sourceTree = "<group>";
		};
		5B4BE21B24398FEB00A43683 /* MyTalk */ = {
			isa = PBXGroup;
			children = (
				5B4BE22A24398FEC00A43683 /* Info.plist */,
				5B1DECF0243C98DD0003C276 /* GoogleService-Info.plist */,
				5B4BE21E24398FEB00A43683 /* SceneDelegate.swift */,
				5B244F3E243F98CE0048833A /* RemoteConfigDefaults.plist */,
				5B4BE22724398FEC00A43683 /* LaunchScreen.storyboard */,
				5B4BE21C24398FEB00A43683 /* AppDelegate.swift */,
				5B4BE22524398FEC00A43683 /* Assets.xcassets */,
				5BCF30E8244B0D37004ECCB7 /* BindingTool */,
				5B09CB01243E2CA90057FCF9 /* Service */,
				5BCF30E5244B000E004ECCB7 /* Model */,
				5B09CAFE243E2C2E0057FCF9 /* View Model */,
				5B09CAFD243DE0A70057FCF9 /* View */,
			);
			path = MyTalk;
			sourceTree = "<group>";
		};
		5BAC90FA24462225002092C3 /* ViewController */ = {
			isa = PBXGroup;
			children = (
				5B4BE22024398FEB00A43683 /* SplashViewController.swift */,
				5B09CB04243E455C0057FCF9 /* LoginViewController.swift */,
				5BAC90F32445F749002092C3 /* SignUpViewController.swift */,
				5BAC90FB24462A7C002092C3 /* MyFriendViewController.swift */,
				5B1B101C244F0C5A00402AFB /* ChatViewController.swift */,
			);
			path = ViewController;
			sourceTree = "<group>";
		};
		5BCF30E5244B000E004ECCB7 /* Model */ = {
			isa = PBXGroup;
			children = (
				5BCF30E6244B0053004ECCB7 /* SignUpModel.swift */,
				5B2DCD16244C95DC00600416 /* LoginModel.swift */,
				5B2DCD1B244CB5F900600416 /* MyFriendModel.swift */,
				5B1278182451928900A05643 /* ChatModel.swift */,
			);
			path = Model;
			sourceTree = "<group>";
		};
		5BCF30E8244B0D37004ECCB7 /* BindingTool */ = {
			isa = PBXGroup;
			children = (
				5BCF30E3244AF483004ECCB7 /* Dynamic.swift */,
				5BCF30DE244AE103004ECCB7 /* BindingTextField.swift */,
			);
			path = BindingTool;
			sourceTree = "<group>";
		};
		5BF26D6D247128C800FE8F29 /* for Chatting */ = {
			isa = PBXGroup;
			children = (
				5B42CB5C2461E4CA004B0600 /* MyMessageCell.swift */,
				5B42CB5E2461E4EB004B0600 /* FriendMessageCell.swift */,
				5BF26D6E24712BBC00FE8F29 /* ChatDayStampTableViewCell.swift */,
				5BFF3FFA24745E6300527A81 /* ContinuousFriendMessageCell.swift */,
			);
			path = "for Chatting";
			sourceTree = "<group>";
		};
		FDB34ACBF436CCC96B80D0AA /* Pods */ = {
			isa = PBXGroup;
			children = (
				E31CD358C70D1B654C6A5410 /* Pods-MyTalk.debug.xcconfig */,
				26C2611824B0147317B4B162 /* Pods-MyTalk.release.xcconfig */,
			);
			path = Pods;
			sourceTree = "<group>";
		};
/* End PBXGroup section */

/* Begin PBXNativeTarget section */
		5B30870D244D9EC7006CC5BF /* MyTalkUITests */ = {
			isa = PBXNativeTarget;
			buildConfigurationList = 5B308715244D9EC7006CC5BF /* Build configuration list for PBXNativeTarget "MyTalkUITests" */;
			buildPhases = (
				5B30870A244D9EC7006CC5BF /* Sources */,
				5B30870B244D9EC7006CC5BF /* Frameworks */,
				5B30870C244D9EC7006CC5BF /* Resources */,
			);
			buildRules = (
			);
			dependencies = (
				5B308714244D9EC7006CC5BF /* PBXTargetDependency */,
			);
			name = MyTalkUITests;
			productName = MyTalkUITests;
			productReference = 5B30870E244D9EC7006CC5BF /* MyTalkUITests.xctest */;
			productType = "com.apple.product-type.bundle.ui-testing";
		};
		5B4BE21824398FEB00A43683 /* MyTalk */ = {
			isa = PBXNativeTarget;
			buildConfigurationList = 5B4BE22D24398FEC00A43683 /* Build configuration list for PBXNativeTarget "MyTalk" */;
			buildPhases = (
				81E2AFD62C14B34E78E22769 /* [CP] Check Pods Manifest.lock */,
				5B4BE21524398FEB00A43683 /* Sources */,
				5B4BE21624398FEB00A43683 /* Frameworks */,
				5B4BE21724398FEB00A43683 /* Resources */,
				5E23782A54BA06ABFABA21CB /* [CP] Embed Pods Frameworks */,
			);
			buildRules = (
			);
			dependencies = (
			);
			name = MyTalk;
			productName = MyTalk;
			productReference = 5B4BE21924398FEB00A43683 /* MyTalk.app */;
			productType = "com.apple.product-type.application";
		};
/* End PBXNativeTarget section */

/* Begin PBXProject section */
		5B4BE21124398FEB00A43683 /* Project object */ = {
			isa = PBXProject;
			attributes = {
				LastSwiftUpdateCheck = 1130;
				LastUpgradeCheck = 1130;
				ORGANIZATIONNAME = "박성영";
				TargetAttributes = {
					5B30870D244D9EC7006CC5BF = {
						CreatedOnToolsVersion = 11.3;
						TestTargetID = 5B4BE21824398FEB00A43683;
					};
					5B4BE21824398FEB00A43683 = {
						CreatedOnToolsVersion = 11.3;
					};
				};
			};
			buildConfigurationList = 5B4BE21424398FEB00A43683 /* Build configuration list for PBXProject "MyTalk" */;
			compatibilityVersion = "Xcode 9.3";
			developmentRegion = en;
			hasScannedForEncodings = 0;
			knownRegions = (
				en,
				Base,
			);
			mainGroup = 5B4BE21024398FEB00A43683;
			productRefGroup = 5B4BE21A24398FEB00A43683 /* Products */;
			projectDirPath = "";
			projectRoot = "";
			targets = (
				5B4BE21824398FEB00A43683 /* MyTalk */,
				5B30870D244D9EC7006CC5BF /* MyTalkUITests */,
			);
		};
/* End PBXProject section */

/* Begin PBXResourcesBuildPhase section */
		5B30870C244D9EC7006CC5BF /* Resources */ = {
			isa = PBXResourcesBuildPhase;
			buildActionMask = 2147483647;
			files = (
			);
			runOnlyForDeploymentPostprocessing = 0;
		};
		5B4BE21724398FEB00A43683 /* Resources */ = {
			isa = PBXResourcesBuildPhase;
			buildActionMask = 2147483647;
			files = (
				5B244F3F243F98CE0048833A /* RemoteConfigDefaults.plist in Resources */,
				5B4BE22924398FEC00A43683 /* LaunchScreen.storyboard in Resources */,
				5B1DECF1243C98DD0003C276 /* GoogleService-Info.plist in Resources */,
				5B4BE22624398FEC00A43683 /* Assets.xcassets in Resources */,
				5B4BE22424398FEB00A43683 /* Main.storyboard in Resources */,
			);
			runOnlyForDeploymentPostprocessing = 0;
		};
/* End PBXResourcesBuildPhase section */

/* Begin PBXShellScriptBuildPhase section */
		5E23782A54BA06ABFABA21CB /* [CP] Embed Pods Frameworks */ = {
			isa = PBXShellScriptBuildPhase;
			buildActionMask = 2147483647;
			files = (
			);
			inputFileListPaths = (
				"${PODS_ROOT}/Target Support Files/Pods-MyTalk/Pods-MyTalk-frameworks-${CONFIGURATION}-input-files.xcfilelist",
			);
			name = "[CP] Embed Pods Frameworks";
			outputFileListPaths = (
				"${PODS_ROOT}/Target Support Files/Pods-MyTalk/Pods-MyTalk-frameworks-${CONFIGURATION}-output-files.xcfilelist",
			);
			runOnlyForDeploymentPostprocessing = 0;
			shellPath = /bin/sh;
			shellScript = "\"${PODS_ROOT}/Target Support Files/Pods-MyTalk/Pods-MyTalk-frameworks.sh\"\n";
			showEnvVarsInLog = 0;
		};
		81E2AFD62C14B34E78E22769 /* [CP] Check Pods Manifest.lock */ = {
			isa = PBXShellScriptBuildPhase;
			buildActionMask = 2147483647;
			files = (
			);
			inputFileListPaths = (
			);
			inputPaths = (
				"${PODS_PODFILE_DIR_PATH}/Podfile.lock",
				"${PODS_ROOT}/Manifest.lock",
			);
			name = "[CP] Check Pods Manifest.lock";
			outputFileListPaths = (
			);
			outputPaths = (
				"$(DERIVED_FILE_DIR)/Pods-MyTalk-checkManifestLockResult.txt",
			);
			runOnlyForDeploymentPostprocessing = 0;
			shellPath = /bin/sh;
			shellScript = "diff \"${PODS_PODFILE_DIR_PATH}/Podfile.lock\" \"${PODS_ROOT}/Manifest.lock\" > /dev/null\nif [ $? != 0 ] ; then\n    # print error to STDERR\n    echo \"error: The sandbox is not in sync with the Podfile.lock. Run 'pod install' or update your CocoaPods installation.\" >&2\n    exit 1\nfi\n# This output is used by Xcode 'outputs' to avoid re-running this script phase.\necho \"SUCCESS\" > \"${SCRIPT_OUTPUT_FILE_0}\"\n";
			showEnvVarsInLog = 0;
		};
/* End PBXShellScriptBuildPhase section */

/* Begin PBXSourcesBuildPhase section */
		5B30870A244D9EC7006CC5BF /* Sources */ = {
			isa = PBXSourcesBuildPhase;
			buildActionMask = 2147483647;
			files = (
				5B308711244D9EC7006CC5BF /* MyTalkUITests.swift in Sources */,
			);
			runOnlyForDeploymentPostprocessing = 0;
		};
		5B4BE21524398FEB00A43683 /* Sources */ = {
			isa = PBXSourcesBuildPhase;
			buildActionMask = 2147483647;
			files = (
				5BCF30E4244AF483004ECCB7 /* Dynamic.swift in Sources */,
				5B2DCD1C244CB5F900600416 /* MyFriendModel.swift in Sources */,
				5B1278192451928900A05643 /* ChatModel.swift in Sources */,
				5B09CB05243E455C0057FCF9 /* LoginViewController.swift in Sources */,
				5BAC90FC24462A7C002092C3 /* MyFriendViewController.swift in Sources */,
				5B4BE22124398FEB00A43683 /* SplashViewController.swift in Sources */,
				5BCE71DD244CD5C300DDC579 /* MyFriendViewModel.swift in Sources */,
				5BAC90F42445F749002092C3 /* SignUpViewController.swift in Sources */,
				5BFF3FFB24745E6300527A81 /* ContinuousFriendMessageCell.swift in Sources */,
				5BCF30E7244B0053004ECCB7 /* SignUpModel.swift in Sources */,
				5B4BE21D24398FEB00A43683 /* AppDelegate.swift in Sources */,
				5BAC90F924461C11002092C3 /* SignUpViewModel.swift in Sources */,
				5B30871A244DE9BA006CC5BF /* MyFriendTableViewCell.swift in Sources */,
				5B42CB5D2461E4CA004B0600 /* MyMessageCell.swift in Sources */,
				5B4BE21F24398FEB00A43683 /* SceneDelegate.swift in Sources */,
				5B2DCD17244C95DC00600416 /* LoginModel.swift in Sources */,
				5B09CB03243E2CE10057FCF9 /* AlertControllerService.swift in Sources */,
				5BCF30DF244AE103004ECCB7 /* BindingTextField.swift in Sources */,
				5B42CB5F2461E4EB004B0600 /* FriendMessageCell.swift in Sources */,
				5BF26D6F24712BBC00FE8F29 /* ChatDayStampTableViewCell.swift in Sources */,
				5B09CB00243E2C590057FCF9 /* SplashViewModel.swift in Sources */,
				5B1B101D244F0C5A00402AFB /* ChatViewController.swift in Sources */,
				5BD7C065245DDA0A000943DC /* ChatViewModel.swift in Sources */,
				5B244F3B243F41A80048833A /* LoginViewModel.swift in Sources */,
			);
			runOnlyForDeploymentPostprocessing = 0;
		};
/* End PBXSourcesBuildPhase section */

/* Begin PBXTargetDependency section */
		5B308714244D9EC7006CC5BF /* PBXTargetDependency */ = {
			isa = PBXTargetDependency;
			target = 5B4BE21824398FEB00A43683 /* MyTalk */;
			targetProxy = 5B308713244D9EC7006CC5BF /* PBXContainerItemProxy */;
		};
/* End PBXTargetDependency section */

/* Begin PBXVariantGroup section */
		5B4BE22224398FEB00A43683 /* Main.storyboard */ = {
			isa = PBXVariantGroup;
			children = (
				5B4BE22324398FEB00A43683 /* Base */,
			);
			name = Main.storyboard;
			sourceTree = "<group>";
		};
		5B4BE22724398FEC00A43683 /* LaunchScreen.storyboard */ = {
			isa = PBXVariantGroup;
			children = (
				5B4BE22824398FEC00A43683 /* Base */,
			);
			name = LaunchScreen.storyboard;
			sourceTree = "<group>";
		};
/* End PBXVariantGroup section */

/* Begin XCBuildConfiguration section */
		5B308716244D9EC7006CC5BF /* Debug */ = {
			isa = XCBuildConfiguration;
			buildSettings = {
				CODE_SIGN_STYLE = Automatic;
				DEVELOPMENT_TEAM = VDFGK9GV66;
				INFOPLIST_FILE = MyTalkUITests/Info.plist;
				LD_RUNPATH_SEARCH_PATHS = (
					"$(inherited)",
					"@executable_path/Frameworks",
					"@loader_path/Frameworks",
				);
				PRODUCT_BUNDLE_IDENTIFIER = none.MyTalkUITests;
				PRODUCT_NAME = "$(TARGET_NAME)";
				SWIFT_VERSION = 5.0;
				TARGETED_DEVICE_FAMILY = "1,2";
				TEST_TARGET_NAME = MyTalk;
			};
			name = Debug;
		};
		5B308717244D9EC7006CC5BF /* Release */ = {
			isa = XCBuildConfiguration;
			buildSettings = {
				CODE_SIGN_STYLE = Automatic;
				DEVELOPMENT_TEAM = VDFGK9GV66;
				INFOPLIST_FILE = MyTalkUITests/Info.plist;
				LD_RUNPATH_SEARCH_PATHS = (
					"$(inherited)",
					"@executable_path/Frameworks",
					"@loader_path/Frameworks",
				);
				PRODUCT_BUNDLE_IDENTIFIER = none.MyTalkUITests;
				PRODUCT_NAME = "$(TARGET_NAME)";
				SWIFT_VERSION = 5.0;
				TARGETED_DEVICE_FAMILY = "1,2";
				TEST_TARGET_NAME = MyTalk;
			};
			name = Release;
		};
		5B4BE22B24398FEC00A43683 /* Debug */ = {
			isa = XCBuildConfiguration;
			buildSettings = {
				ALWAYS_SEARCH_USER_PATHS = NO;
				CLANG_ANALYZER_NONNULL = YES;
				CLANG_ANALYZER_NUMBER_OBJECT_CONVERSION = YES_AGGRESSIVE;
				CLANG_CXX_LANGUAGE_STANDARD = "gnu++14";
				CLANG_CXX_LIBRARY = "libc++";
				CLANG_ENABLE_MODULES = YES;
				CLANG_ENABLE_OBJC_ARC = YES;
				CLANG_ENABLE_OBJC_WEAK = YES;
				CLANG_WARN_BLOCK_CAPTURE_AUTORELEASING = YES;
				CLANG_WARN_BOOL_CONVERSION = YES;
				CLANG_WARN_COMMA = YES;
				CLANG_WARN_CONSTANT_CONVERSION = YES;
				CLANG_WARN_DEPRECATED_OBJC_IMPLEMENTATIONS = YES;
				CLANG_WARN_DIRECT_OBJC_ISA_USAGE = YES_ERROR;
				CLANG_WARN_DOCUMENTATION_COMMENTS = YES;
				CLANG_WARN_EMPTY_BODY = YES;
				CLANG_WARN_ENUM_CONVERSION = YES;
				CLANG_WARN_INFINITE_RECURSION = YES;
				CLANG_WARN_INT_CONVERSION = YES;
				CLANG_WARN_NON_LITERAL_NULL_CONVERSION = YES;
				CLANG_WARN_OBJC_IMPLICIT_RETAIN_SELF = YES;
				CLANG_WARN_OBJC_LITERAL_CONVERSION = YES;
				CLANG_WARN_OBJC_ROOT_CLASS = YES_ERROR;
				CLANG_WARN_RANGE_LOOP_ANALYSIS = YES;
				CLANG_WARN_STRICT_PROTOTYPES = YES;
				CLANG_WARN_SUSPICIOUS_MOVE = YES;
				CLANG_WARN_UNGUARDED_AVAILABILITY = YES_AGGRESSIVE;
				CLANG_WARN_UNREACHABLE_CODE = YES;
				CLANG_WARN__DUPLICATE_METHOD_MATCH = YES;
				COPY_PHASE_STRIP = NO;
				DEBUG_INFORMATION_FORMAT = dwarf;
				ENABLE_STRICT_OBJC_MSGSEND = YES;
				ENABLE_TESTABILITY = YES;
				GCC_C_LANGUAGE_STANDARD = gnu11;
				GCC_DYNAMIC_NO_PIC = NO;
				GCC_NO_COMMON_BLOCKS = YES;
				GCC_OPTIMIZATION_LEVEL = 0;
				GCC_PREPROCESSOR_DEFINITIONS = (
					"DEBUG=1",
					"$(inherited)",
				);
				GCC_WARN_64_TO_32_BIT_CONVERSION = YES;
				GCC_WARN_ABOUT_RETURN_TYPE = YES_ERROR;
				GCC_WARN_UNDECLARED_SELECTOR = YES;
				GCC_WARN_UNINITIALIZED_AUTOS = YES_AGGRESSIVE;
				GCC_WARN_UNUSED_FUNCTION = YES;
				GCC_WARN_UNUSED_VARIABLE = YES;
				IPHONEOS_DEPLOYMENT_TARGET = 13.2;
				MTL_ENABLE_DEBUG_INFO = INCLUDE_SOURCE;
				MTL_FAST_MATH = YES;
				ONLY_ACTIVE_ARCH = YES;
				SDKROOT = iphoneos;
				SWIFT_ACTIVE_COMPILATION_CONDITIONS = DEBUG;
				SWIFT_OPTIMIZATION_LEVEL = "-Onone";
			};
			name = Debug;
		};
		5B4BE22C24398FEC00A43683 /* Release */ = {
			isa = XCBuildConfiguration;
			buildSettings = {
				ALWAYS_SEARCH_USER_PATHS = NO;
				CLANG_ANALYZER_NONNULL = YES;
				CLANG_ANALYZER_NUMBER_OBJECT_CONVERSION = YES_AGGRESSIVE;
				CLANG_CXX_LANGUAGE_STANDARD = "gnu++14";
				CLANG_CXX_LIBRARY = "libc++";
				CLANG_ENABLE_MODULES = YES;
				CLANG_ENABLE_OBJC_ARC = YES;
				CLANG_ENABLE_OBJC_WEAK = YES;
				CLANG_WARN_BLOCK_CAPTURE_AUTORELEASING = YES;
				CLANG_WARN_BOOL_CONVERSION = YES;
				CLANG_WARN_COMMA = YES;
				CLANG_WARN_CONSTANT_CONVERSION = YES;
				CLANG_WARN_DEPRECATED_OBJC_IMPLEMENTATIONS = YES;
				CLANG_WARN_DIRECT_OBJC_ISA_USAGE = YES_ERROR;
				CLANG_WARN_DOCUMENTATION_COMMENTS = YES;
				CLANG_WARN_EMPTY_BODY = YES;
				CLANG_WARN_ENUM_CONVERSION = YES;
				CLANG_WARN_INFINITE_RECURSION = YES;
				CLANG_WARN_INT_CONVERSION = YES;
				CLANG_WARN_NON_LITERAL_NULL_CONVERSION = YES;
				CLANG_WARN_OBJC_IMPLICIT_RETAIN_SELF = YES;
				CLANG_WARN_OBJC_LITERAL_CONVERSION = YES;
				CLANG_WARN_OBJC_ROOT_CLASS = YES_ERROR;
				CLANG_WARN_RANGE_LOOP_ANALYSIS = YES;
				CLANG_WARN_STRICT_PROTOTYPES = YES;
				CLANG_WARN_SUSPICIOUS_MOVE = YES;
				CLANG_WARN_UNGUARDED_AVAILABILITY = YES_AGGRESSIVE;
				CLANG_WARN_UNREACHABLE_CODE = YES;
				CLANG_WARN__DUPLICATE_METHOD_MATCH = YES;
				COPY_PHASE_STRIP = NO;
				DEBUG_INFORMATION_FORMAT = "dwarf-with-dsym";
				ENABLE_NS_ASSERTIONS = NO;
				ENABLE_STRICT_OBJC_MSGSEND = YES;
				GCC_C_LANGUAGE_STANDARD = gnu11;
				GCC_NO_COMMON_BLOCKS = YES;
				GCC_WARN_64_TO_32_BIT_CONVERSION = YES;
				GCC_WARN_ABOUT_RETURN_TYPE = YES_ERROR;
				GCC_WARN_UNDECLARED_SELECTOR = YES;
				GCC_WARN_UNINITIALIZED_AUTOS = YES_AGGRESSIVE;
				GCC_WARN_UNUSED_FUNCTION = YES;
				GCC_WARN_UNUSED_VARIABLE = YES;
				IPHONEOS_DEPLOYMENT_TARGET = 13.2;
				MTL_ENABLE_DEBUG_INFO = NO;
				MTL_FAST_MATH = YES;
				SDKROOT = iphoneos;
				SWIFT_COMPILATION_MODE = wholemodule;
				SWIFT_OPTIMIZATION_LEVEL = "-O";
				VALIDATE_PRODUCT = YES;
			};
			name = Release;
		};
		5B4BE22E24398FEC00A43683 /* Debug */ = {
			isa = XCBuildConfiguration;
			baseConfigurationReference = E31CD358C70D1B654C6A5410 /* Pods-MyTalk.debug.xcconfig */;
			buildSettings = {
				ASSETCATALOG_COMPILER_APPICON_NAME = AppIcon;
				CODE_SIGN_STYLE = Automatic;
				DEVELOPMENT_TEAM = VDFGK9GV66;
				INFOPLIST_FILE = MyTalk/Info.plist;
				IPHONEOS_DEPLOYMENT_TARGET = 11.0;
				LD_RUNPATH_SEARCH_PATHS = (
					"$(inherited)",
					"@executable_path/Frameworks",
				);
				PRODUCT_BUNDLE_IDENTIFIER = none.MyTalk;
				PRODUCT_NAME = "$(TARGET_NAME)";
				SWIFT_VERSION = 5.0;
				TARGETED_DEVICE_FAMILY = "1,2";
			};
			name = Debug;
		};
		5B4BE22F24398FEC00A43683 /* Release */ = {
			isa = XCBuildConfiguration;
			baseConfigurationReference = 26C2611824B0147317B4B162 /* Pods-MyTalk.release.xcconfig */;
			buildSettings = {
				ASSETCATALOG_COMPILER_APPICON_NAME = AppIcon;
				CODE_SIGN_STYLE = Automatic;
				DEVELOPMENT_TEAM = VDFGK9GV66;
				INFOPLIST_FILE = MyTalk/Info.plist;
				IPHONEOS_DEPLOYMENT_TARGET = 11.0;
				LD_RUNPATH_SEARCH_PATHS = (
					"$(inherited)",
					"@executable_path/Frameworks",
				);
				PRODUCT_BUNDLE_IDENTIFIER = none.MyTalk;
				PRODUCT_NAME = "$(TARGET_NAME)";
				SWIFT_VERSION = 5.0;
				TARGETED_DEVICE_FAMILY = "1,2";
			};
			name = Release;
		};
/* End XCBuildConfiguration section */

/* Begin XCConfigurationList section */
		5B308715244D9EC7006CC5BF /* Build configuration list for PBXNativeTarget "MyTalkUITests" */ = {
			isa = XCConfigurationList;
			buildConfigurations = (
				5B308716244D9EC7006CC5BF /* Debug */,
				5B308717244D9EC7006CC5BF /* Release */,
			);
			defaultConfigurationIsVisible = 0;
			defaultConfigurationName = Release;
		};
		5B4BE21424398FEB00A43683 /* Build configuration list for PBXProject "MyTalk" */ = {
			isa = XCConfigurationList;
			buildConfigurations = (
				5B4BE22B24398FEC00A43683 /* Debug */,
				5B4BE22C24398FEC00A43683 /* Release */,
			);
			defaultConfigurationIsVisible = 0;
			defaultConfigurationName = Release;
		};
		5B4BE22D24398FEC00A43683 /* Build configuration list for PBXNativeTarget "MyTalk" */ = {
			isa = XCConfigurationList;
			buildConfigurations = (
				5B4BE22E24398FEC00A43683 /* Debug */,
				5B4BE22F24398FEC00A43683 /* Release */,
			);
			defaultConfigurationIsVisible = 0;
			defaultConfigurationName = Release;
		};
/* End XCConfigurationList section */
	};
	rootObject = 5B4BE21124398FEB00A43683 /* Project object */;
}
